
Microsoft Visual Studio Solution File, Format Version 12.00
# Visual Studio 14
VisualStudioVersion = 14.0.25420.1
MinimumVisualStudioVersion = 10.0.40219.1
Project("{FAE04EC0-301F-11D3-BF4B-00C04F79EFBC}") = "MsmqClient", "MsmqClient\MsmqClient.csproj", "{D6E5360D-CF91-4A9B-A3D8-16A8BE7C1CAC}"
EndProject
Project("{FAE04EC0-301F-11D3-BF4B-00C04F79EFBC}") = "MsmqContract", "MsmqContract\MsmqContract.csproj", "{A4112D5A-D18E-4678-8435-33FD4687058B}"
EndProject
Project("{FAE04EC0-301F-11D3-BF4B-00C04F79EFBC}") = "MsmqService", "MsmqService\MsmqService.csproj", "{E6B9B793-E093-4CBB-BE71-A007B0CBE20E}"
EndProject
Global
	GlobalSection(SolutionConfigurationPlatforms) = preSolution
		Debug|Any CPU = Debug|Any CPU
		Release|Any CPU = Release|Any CPU
	EndGlobalSection
	GlobalSection(ProjectConfigurationPlatforms) = postSolution
		{D6E5360D-CF91-4A9B-A3D8-16A8BE7C1CAC}.Debug|Any CPU.ActiveCfg = Debug|Any CPU
		{D6E5360D-CF91-4A9B-A3D8-16A8BE7C1CAC}.Debug|Any CPU.Build.0 = Debug|Any CPU
		{D6E5360D-CF91-4A9B-A3D8-16A8BE7C1CAC}.Release|Any CPU.ActiveCfg = Release|Any CPU
		{D6E5360D-CF91-4A9B-A3D8-16A8BE7C1CAC}.Release|Any CPU.Build.0 = Release|Any CPU
		{A4112D5A-D18E-4678-8435-33FD4687058B}.Debug|Any CPU.ActiveCfg = Debug|Any CPU
		{A4112D5A-D18E-4678-8435-33FD4687058B}.Debug|Any CPU.Build.0 = Debug|Any CPU
		{A4112D5A-D18E-4678-8435-33FD4687058B}.Release|Any CPU.ActiveCfg = Release|Any CPU
		{A4112D5A-D18E-4678-8435-33FD4687058B}.Release|Any CPU.Build.0 = Release|Any CPU
		{E6B9B793-E093-4CBB-BE71-A007B0CBE20E}.Debug|Any CPU.ActiveCfg = Debug|Any CPU
		{E6B9B793-E093-4CBB-BE71-A007B0CBE20E}.Debug|Any CPU.Build.0 = Debug|Any CPU
		{E6B9B793-E093-4CBB-BE71-A007B0CBE20E}.Release|Any CPU.ActiveCfg = Release|Any CPU
		{E6B9B793-E093-4CBB-BE71-A007B0CBE20E}.Release|Any CPU.Build.0 = Release|Any CPU
	EndGlobalSection
	GlobalSection(SolutionProperties) = preSolution
		HideSolutionNode = FALSE
	EndGlobalSection
EndGlobal
